// !$*UTF8*$!
{
	archiveVersion = 1;
	classes = {
	};
	objectVersion = 56;
	objects = {

/* Begin PBXBuildFile section */
		08EFB55FA6F91D4E1B49A2E6 /* Pods_Sports_App.framework in Frameworks */ = {isa = PBXBuildFile; fileRef = 74F9BD84C446ABD09E0EEC4E /* Pods_Sports_App.framework */; };
		9F1EB4B22A1EC8F100CE5F74 /* Event.swift in Sources */ = {isa = PBXBuildFile; fileRef = 9F1EB4B12A1EC8F100CE5F74 /* Event.swift */; };
		9F31E2A32A1B1A1D00AC582A /* LeaguesTableViewCell.swift in Sources */ = {isa = PBXBuildFile; fileRef = 9F31E2A22A1B1A1D00AC582A /* LeaguesTableViewCell.swift */; };
		9F3EAF162A193194001B28AA /* AppDelegate.swift in Sources */ = {isa = PBXBuildFile; fileRef = 9F3EAF152A193194001B28AA /* AppDelegate.swift */; };
		9F3EAF182A193194001B28AA /* SceneDelegate.swift in Sources */ = {isa = PBXBuildFile; fileRef = 9F3EAF172A193194001B28AA /* SceneDelegate.swift */; };
		9F3EAF1A2A193194001B28AA /* SportsViewController.swift in Sources */ = {isa = PBXBuildFile; fileRef = 9F3EAF192A193194001B28AA /* SportsViewController.swift */; };
		9F3EAF1D2A193194001B28AA /* Main.storyboard in Resources */ = {isa = PBXBuildFile; fileRef = 9F3EAF1B2A193194001B28AA /* Main.storyboard */; };
		9F3EAF202A193194001B28AA /* Sports_App.xcdatamodeld in Sources */ = {isa = PBXBuildFile; fileRef = 9F3EAF1E2A193194001B28AA /* Sports_App.xcdatamodeld */; };
		9F3EAF222A193196001B28AA /* Assets.xcassets in Resources */ = {isa = PBXBuildFile; fileRef = 9F3EAF212A193196001B28AA /* Assets.xcassets */; };
		9F3EAF252A193196001B28AA /* LaunchScreen.storyboard in Resources */ = {isa = PBXBuildFile; fileRef = 9F3EAF232A193196001B28AA /* LaunchScreen.storyboard */; };
		9F3EAF2E2A1935A5001B28AA /* MyResult.swift in Sources */ = {isa = PBXBuildFile; fileRef = 9F3EAF2D2A1935A5001B28AA /* MyResult.swift */; };
		9F3EAF322A194B43001B28AA /* AllLeagues.swift in Sources */ = {isa = PBXBuildFile; fileRef = 9F3EAF312A194B43001B28AA /* AllLeagues.swift */; };
		9F3EAF342A1956BD001B28AA /* UpcomingEvent.swift in Sources */ = {isa = PBXBuildFile; fileRef = 9F3EAF332A1956BD001B28AA /* UpcomingEvent.swift */; };
		9F3EAF382A196666001B28AA /* Networking.swift in Sources */ = {isa = PBXBuildFile; fileRef = 9F3EAF372A196666001B28AA /* Networking.swift */; };
		9FD36AAA2A1A6FEA00F7B625 /* Sport.swift in Sources */ = {isa = PBXBuildFile; fileRef = 9FD36AA92A1A6FEA00F7B625 /* Sport.swift */; };
		9FD36AB12A1A7EBE00F7B625 /* SportsCollectionViewCell.swift in Sources */ = {isa = PBXBuildFile; fileRef = 9FD36AB02A1A7EBE00F7B625 /* SportsCollectionViewCell.swift */; };
		9FD36AB32A1A83F700F7B625 /* SportsViewModel.swift in Sources */ = {isa = PBXBuildFile; fileRef = 9FD36AB22A1A83F700F7B625 /* SportsViewModel.swift */; };
		9FDCD1312A197417008441F2 /* LeaguesViewModel.swift in Sources */ = {isa = PBXBuildFile; fileRef = 9FDCD1302A197417008441F2 /* LeaguesViewModel.swift */; };
		9FDCD1342A197529008441F2 /* LeaguesViewController.swift in Sources */ = {isa = PBXBuildFile; fileRef = 9FDCD1332A197529008441F2 /* LeaguesViewController.swift */; };
		9FDCD1372A1979B3008441F2 /* Constants.swift in Sources */ = {isa = PBXBuildFile; fileRef = 9FDCD1362A1979B3008441F2 /* Constants.swift */; };
		9FDFF9062A1E6E5A00521485 /* LeagueDetailsViewController.swift in Sources */ = {isa = PBXBuildFile; fileRef = 9FDFF9052A1E6E5A00521485 /* LeagueDetailsViewController.swift */; };
		9FDFF9082A1E6FDC00521485 /* LeagueDetailsViewModel.swift in Sources */ = {isa = PBXBuildFile; fileRef = 9FDFF9072A1E6FDC00521485 /* LeagueDetailsViewModel.swift */; };
/* End PBXBuildFile section */

/* Begin PBXFileReference section */
		0E3FA0D089CE97C7D51E2861 /* Pods-Sports App.release.xcconfig */ = {isa = PBXFileReference; includeInIndex = 1; lastKnownFileType = text.xcconfig; name = "Pods-Sports App.release.xcconfig"; path = "Target Support Files/Pods-Sports App/Pods-Sports App.release.xcconfig"; sourceTree = "<group>"; };
		21465B20FAC472C43CC2F1F5 /* Pods-Sports App.debug.xcconfig */ = {isa = PBXFileReference; includeInIndex = 1; lastKnownFileType = text.xcconfig; name = "Pods-Sports App.debug.xcconfig"; path = "Target Support Files/Pods-Sports App/Pods-Sports App.debug.xcconfig"; sourceTree = "<group>"; };
		74F9BD84C446ABD09E0EEC4E /* Pods_Sports_App.framework */ = {isa = PBXFileReference; explicitFileType = wrapper.framework; includeInIndex = 0; path = Pods_Sports_App.framework; sourceTree = BUILT_PRODUCTS_DIR; };
		9F1EB4B12A1EC8F100CE5F74 /* Event.swift */ = {isa = PBXFileReference; lastKnownFileType = sourcecode.swift; path = Event.swift; sourceTree = "<group>"; };
		9F31E2A22A1B1A1D00AC582A /* LeaguesTableViewCell.swift */ = {isa = PBXFileReference; lastKnownFileType = sourcecode.swift; path = LeaguesTableViewCell.swift; sourceTree = "<group>"; };
		9F3EAF122A193194001B28AA /* Sports App.app */ = {isa = PBXFileReference; explicitFileType = wrapper.application; includeInIndex = 0; path = "Sports App.app"; sourceTree = BUILT_PRODUCTS_DIR; };
		9F3EAF152A193194001B28AA /* AppDelegate.swift */ = {isa = PBXFileReference; lastKnownFileType = sourcecode.swift; path = AppDelegate.swift; sourceTree = "<group>"; };
		9F3EAF172A193194001B28AA /* SceneDelegate.swift */ = {isa = PBXFileReference; lastKnownFileType = sourcecode.swift; path = SceneDelegate.swift; sourceTree = "<group>"; };
		9F3EAF192A193194001B28AA /* SportsViewController.swift */ = {isa = PBXFileReference; lastKnownFileType = sourcecode.swift; path = SportsViewController.swift; sourceTree = "<group>"; };
		9F3EAF1C2A193194001B28AA /* Base */ = {isa = PBXFileReference; lastKnownFileType = file.storyboard; name = Base; path = Base.lproj/Main.storyboard; sourceTree = "<group>"; };
		9F3EAF1F2A193194001B28AA /* Sports_App.xcdatamodel */ = {isa = PBXFileReference; lastKnownFileType = wrapper.xcdatamodel; path = Sports_App.xcdatamodel; sourceTree = "<group>"; };
		9F3EAF212A193196001B28AA /* Assets.xcassets */ = {isa = PBXFileReference; lastKnownFileType = folder.assetcatalog; path = Assets.xcassets; sourceTree = "<group>"; };
		9F3EAF242A193196001B28AA /* Base */ = {isa = PBXFileReference; lastKnownFileType = file.storyboard; name = Base; path = Base.lproj/LaunchScreen.storyboard; sourceTree = "<group>"; };
		9F3EAF262A193196001B28AA /* Info.plist */ = {isa = PBXFileReference; lastKnownFileType = text.plist.xml; path = Info.plist; sourceTree = "<group>"; };
		9F3EAF2D2A1935A5001B28AA /* MyResult.swift */ = {isa = PBXFileReference; lastKnownFileType = sourcecode.swift; path = MyResult.swift; sourceTree = "<group>"; };
		9F3EAF312A194B43001B28AA /* AllLeagues.swift */ = {isa = PBXFileReference; lastKnownFileType = sourcecode.swift; path = AllLeagues.swift; sourceTree = "<group>"; };
		9F3EAF332A1956BD001B28AA /* UpcomingEvent.swift */ = {isa = PBXFileReference; lastKnownFileType = sourcecode.swift; path = UpcomingEvent.swift; sourceTree = "<group>"; };
		9F3EAF372A196666001B28AA /* Networking.swift */ = {isa = PBXFileReference; lastKnownFileType = sourcecode.swift; path = Networking.swift; sourceTree = "<group>"; };
		9FD36AA92A1A6FEA00F7B625 /* Sport.swift */ = {isa = PBXFileReference; lastKnownFileType = sourcecode.swift; path = Sport.swift; sourceTree = "<group>"; };
		9FD36AB02A1A7EBE00F7B625 /* SportsCollectionViewCell.swift */ = {isa = PBXFileReference; lastKnownFileType = sourcecode.swift; path = SportsCollectionViewCell.swift; sourceTree = "<group>"; };
		9FD36AB22A1A83F700F7B625 /* SportsViewModel.swift */ = {isa = PBXFileReference; lastKnownFileType = sourcecode.swift; path = SportsViewModel.swift; sourceTree = "<group>"; };
		9FDCD1302A197417008441F2 /* LeaguesViewModel.swift */ = {isa = PBXFileReference; lastKnownFileType = sourcecode.swift; path = LeaguesViewModel.swift; sourceTree = "<group>"; };
		9FDCD1332A197529008441F2 /* LeaguesViewController.swift */ = {isa = PBXFileReference; lastKnownFileType = sourcecode.swift; path = LeaguesViewController.swift; sourceTree = "<group>"; };
		9FDCD1362A1979B3008441F2 /* Constants.swift */ = {isa = PBXFileReference; lastKnownFileType = sourcecode.swift; path = Constants.swift; sourceTree = "<group>"; };
		9FDFF9052A1E6E5A00521485 /* LeagueDetailsViewController.swift */ = {isa = PBXFileReference; lastKnownFileType = sourcecode.swift; path = LeagueDetailsViewController.swift; sourceTree = "<group>"; };
		9FDFF9072A1E6FDC00521485 /* LeagueDetailsViewModel.swift */ = {isa = PBXFileReference; lastKnownFileType = sourcecode.swift; path = LeagueDetailsViewModel.swift; sourceTree = "<group>"; };
/* End PBXFileReference section */

/* Begin PBXFrameworksBuildPhase section */
		9F3EAF0F2A193194001B28AA /* Frameworks */ = {
			isa = PBXFrameworksBuildPhase;
			buildActionMask = 2147483647;
			files = (
				08EFB55FA6F91D4E1B49A2E6 /* Pods_Sports_App.framework in Frameworks */,
			);
			runOnlyForDeploymentPostprocessing = 0;
		};
/* End PBXFrameworksBuildPhase section */

/* Begin PBXGroup section */
		00DE314F0A71D7DAB67EBCF8 /* Pods */ = {
			isa = PBXGroup;
			children = (
				21465B20FAC472C43CC2F1F5 /* Pods-Sports App.debug.xcconfig */,
				0E3FA0D089CE97C7D51E2861 /* Pods-Sports App.release.xcconfig */,
			);
			path = Pods;
			sourceTree = "<group>";
		};
		9F3EAF092A193194001B28AA = {
			isa = PBXGroup;
			children = (
				9F3EAF142A193194001B28AA /* Sports App */,
				9F3EAF132A193194001B28AA /* Products */,
				00DE314F0A71D7DAB67EBCF8 /* Pods */,
				D5BB270BFAD7CD9032A99107 /* Frameworks */,
			);
			sourceTree = "<group>";
		};
		9F3EAF132A193194001B28AA /* Products */ = {
			isa = PBXGroup;
			children = (
				9F3EAF122A193194001B28AA /* Sports App.app */,
			);
			name = Products;
			sourceTree = "<group>";
		};
		9F3EAF142A193194001B28AA /* Sports App */ = {
			isa = PBXGroup;
			children = (
				9FDCD1352A197998008441F2 /* Utilities */,
				9FDCD12D2A19722F008441F2 /* Modules */,
				9F3EAF352A196644001B28AA /* Services */,
				9F3EAF2C2A193591001B28AA /* Model */,
				9F3EAF152A193194001B28AA /* AppDelegate.swift */,
				9F3EAF172A193194001B28AA /* SceneDelegate.swift */,
				9F3EAF1B2A193194001B28AA /* Main.storyboard */,
				9F3EAF212A193196001B28AA /* Assets.xcassets */,
				9F3EAF232A193196001B28AA /* LaunchScreen.storyboard */,
				9F3EAF262A193196001B28AA /* Info.plist */,
				9F3EAF1E2A193194001B28AA /* Sports_App.xcdatamodeld */,
			);
			path = "Sports App";
			sourceTree = "<group>";
		};
		9F3EAF2C2A193591001B28AA /* Model */ = {
			isa = PBXGroup;
			children = (
				9F3EAF2D2A1935A5001B28AA /* MyResult.swift */,
				9F3EAF312A194B43001B28AA /* AllLeagues.swift */,
				9F3EAF332A1956BD001B28AA /* UpcomingEvent.swift */,
				9FD36AA92A1A6FEA00F7B625 /* Sport.swift */,
				9F1EB4B12A1EC8F100CE5F74 /* Event.swift */,
			);
			path = Model;
			sourceTree = "<group>";
		};
		9F3EAF352A196644001B28AA /* Services */ = {
			isa = PBXGroup;
			children = (
				9F3EAF362A196653001B28AA /* Networking */,
			);
			path = Services;
			sourceTree = "<group>";
		};
		9F3EAF362A196653001B28AA /* Networking */ = {
			isa = PBXGroup;
			children = (
				9F3EAF372A196666001B28AA /* Networking.swift */,
			);
			path = Networking;
			sourceTree = "<group>";
		};
		9FD36AAB2A1A7C7300F7B625 /* Sports */ = {
			isa = PBXGroup;
			children = (
				9FD36AAD2A1A7C8200F7B625 /* ViewModel */,
				9FD36AAC2A1A7C7D00F7B625 /* View */,
			);
			path = Sports;
			sourceTree = "<group>";
		};
		9FD36AAC2A1A7C7D00F7B625 /* View */ = {
			isa = PBXGroup;
			children = (
				9F3EAF192A193194001B28AA /* SportsViewController.swift */,
				9FD36AB02A1A7EBE00F7B625 /* SportsCollectionViewCell.swift */,
			);
			path = View;
			sourceTree = "<group>";
		};
		9FD36AAD2A1A7C8200F7B625 /* ViewModel */ = {
			isa = PBXGroup;
			children = (
				9FD36AB22A1A83F700F7B625 /* SportsViewModel.swift */,
			);
			path = ViewModel;
			sourceTree = "<group>";
		};
		9FDCD12D2A19722F008441F2 /* Modules */ = {
			isa = PBXGroup;
			children = (
				9FDFF9022A1E6C6A00521485 /* LeagueDetails */,
				9FD36AAB2A1A7C7300F7B625 /* Sports */,
				9FDCD12E2A197247008441F2 /* Leagues */,
			);
			path = Modules;
			sourceTree = "<group>";
		};
		9FDCD12E2A197247008441F2 /* Leagues */ = {
			isa = PBXGroup;
			children = (
				9FDCD1322A197420008441F2 /* View */,
				9FDCD12F2A1973CF008441F2 /* ViewModel */,
			);
			path = Leagues;
			sourceTree = "<group>";
		};
		9FDCD12F2A1973CF008441F2 /* ViewModel */ = {
			isa = PBXGroup;
			children = (
				9FDCD1302A197417008441F2 /* LeaguesViewModel.swift */,
			);
			path = ViewModel;
			sourceTree = "<group>";
		};
		9FDCD1322A197420008441F2 /* View */ = {
			isa = PBXGroup;
			children = (
				9FDCD1332A197529008441F2 /* LeaguesViewController.swift */,
				9F31E2A22A1B1A1D00AC582A /* LeaguesTableViewCell.swift */,
			);
			path = View;
			sourceTree = "<group>";
		};
		9FDCD1352A197998008441F2 /* Utilities */ = {
			isa = PBXGroup;
			children = (
				9FDCD1362A1979B3008441F2 /* Constants.swift */,
			);
			path = Utilities;
			sourceTree = "<group>";
		};
		9FDFF9022A1E6C6A00521485 /* LeagueDetails */ = {
			isa = PBXGroup;
			children = (
				9FDFF9042A1E6C8600521485 /* View */,
				9FDFF9032A1E6C7800521485 /* ViewModel */,
			);
			path = LeagueDetails;
			sourceTree = "<group>";
		};
		9FDFF9032A1E6C7800521485 /* ViewModel */ = {
			isa = PBXGroup;
			children = (
				9FDFF9072A1E6FDC00521485 /* LeagueDetailsViewModel.swift */,
			);
			path = ViewModel;
			sourceTree = "<group>";
		};
		9FDFF9042A1E6C8600521485 /* View */ = {
			isa = PBXGroup;
			children = (
				9FDFF9052A1E6E5A00521485 /* LeagueDetailsViewController.swift */,
			);
			path = View;
			sourceTree = "<group>";
		};
		D5BB270BFAD7CD9032A99107 /* Frameworks */ = {
			isa = PBXGroup;
			children = (
				74F9BD84C446ABD09E0EEC4E /* Pods_Sports_App.framework */,
			);
			name = Frameworks;
			sourceTree = "<group>";
		};
/* End PBXGroup section */

/* Begin PBXNativeTarget section */
		9F3EAF112A193194001B28AA /* Sports App */ = {
			isa = PBXNativeTarget;
			buildConfigurationList = 9F3EAF292A193196001B28AA /* Build configuration list for PBXNativeTarget "Sports App" */;
			buildPhases = (
				37A897F81440A3C5C514F510 /* [CP] Check Pods Manifest.lock */,
				9F3EAF0E2A193194001B28AA /* Sources */,
				9F3EAF0F2A193194001B28AA /* Frameworks */,
				9F3EAF102A193194001B28AA /* Resources */,
				E8B359F0791A20F245019460 /* [CP] Embed Pods Frameworks */,
			);
			buildRules = (
			);
			dependencies = (
			);
			name = "Sports App";
			productName = "Sports App";
			productReference = 9F3EAF122A193194001B28AA /* Sports App.app */;
			productType = "com.apple.product-type.application";
		};
/* End PBXNativeTarget section */

/* Begin PBXProject section */
		9F3EAF0A2A193194001B28AA /* Project object */ = {
			isa = PBXProject;
			attributes = {
				BuildIndependentTargetsInParallel = 1;
				LastSwiftUpdateCheck = 1430;
				LastUpgradeCheck = 1430;
				TargetAttributes = {
					9F3EAF112A193194001B28AA = {
						CreatedOnToolsVersion = 14.3;
					};
				};
			};
			buildConfigurationList = 9F3EAF0D2A193194001B28AA /* Build configuration list for PBXProject "Sports App" */;
			compatibilityVersion = "Xcode 14.0";
			developmentRegion = en;
			hasScannedForEncodings = 0;
			knownRegions = (
				en,
				Base,
			);
			mainGroup = 9F3EAF092A193194001B28AA;
			productRefGroup = 9F3EAF132A193194001B28AA /* Products */;
			projectDirPath = "";
			projectRoot = "";
			targets = (
				9F3EAF112A193194001B28AA /* Sports App */,
			);
		};
/* End PBXProject section */

/* Begin PBXResourcesBuildPhase section */
		9F3EAF102A193194001B28AA /* Resources */ = {
			isa = PBXResourcesBuildPhase;
			buildActionMask = 2147483647;
			files = (
				9F3EAF252A193196001B28AA /* LaunchScreen.storyboard in Resources */,
				9F3EAF222A193196001B28AA /* Assets.xcassets in Resources */,
				9F3EAF1D2A193194001B28AA /* Main.storyboard in Resources */,
			);
			runOnlyForDeploymentPostprocessing = 0;
		};
/* End PBXResourcesBuildPhase section */

/* Begin PBXShellScriptBuildPhase section */
		37A897F81440A3C5C514F510 /* [CP] Check Pods Manifest.lock */ = {
			isa = PBXShellScriptBuildPhase;
			buildActionMask = 2147483647;
			files = (
			);
			inputFileListPaths = (
			);
			inputPaths = (
				"${PODS_PODFILE_DIR_PATH}/Podfile.lock",
				"${PODS_ROOT}/Manifest.lock",
			);
			name = "[CP] Check Pods Manifest.lock";
			outputFileListPaths = (
			);
			outputPaths = (
				"$(DERIVED_FILE_DIR)/Pods-Sports App-checkManifestLockResult.txt",
			);
			runOnlyForDeploymentPostprocessing = 0;
			shellPath = /bin/sh;
			shellScript = "diff \"${PODS_PODFILE_DIR_PATH}/Podfile.lock\" \"${PODS_ROOT}/Manifest.lock\" > /dev/null\nif [ $? != 0 ] ; then\n    # print error to STDERR\n    echo \"error: The sandbox is not in sync with the Podfile.lock. Run 'pod install' or update your CocoaPods installation.\" >&2\n    exit 1\nfi\n# This output is used by Xcode 'outputs' to avoid re-running this script phase.\necho \"SUCCESS\" > \"${SCRIPT_OUTPUT_FILE_0}\"\n";
			showEnvVarsInLog = 0;
		};
		E8B359F0791A20F245019460 /* [CP] Embed Pods Frameworks */ = {
			isa = PBXShellScriptBuildPhase;
			buildActionMask = 2147483647;
			files = (
			);
			inputFileListPaths = (
				"${PODS_ROOT}/Target Support Files/Pods-Sports App/Pods-Sports App-frameworks-${CONFIGURATION}-input-files.xcfilelist",
			);
			name = "[CP] Embed Pods Frameworks";
			outputFileListPaths = (
				"${PODS_ROOT}/Target Support Files/Pods-Sports App/Pods-Sports App-frameworks-${CONFIGURATION}-output-files.xcfilelist",
			);
			runOnlyForDeploymentPostprocessing = 0;
			shellPath = /bin/sh;
			shellScript = "\"${PODS_ROOT}/Target Support Files/Pods-Sports App/Pods-Sports App-frameworks.sh\"\n";
			showEnvVarsInLog = 0;
		};
/* End PBXShellScriptBuildPhase section */

/* Begin PBXSourcesBuildPhase section */
		9F3EAF0E2A193194001B28AA /* Sources */ = {
			isa = PBXSourcesBuildPhase;
			buildActionMask = 2147483647;
			files = (
				9F3EAF1A2A193194001B28AA /* SportsViewController.swift in Sources */,
				9FDCD1342A197529008441F2 /* LeaguesViewController.swift in Sources */,
				9F3EAF322A194B43001B28AA /* AllLeagues.swift in Sources */,
				9F3EAF342A1956BD001B28AA /* UpcomingEvent.swift in Sources */,
				9FDFF9082A1E6FDC00521485 /* LeagueDetailsViewModel.swift in Sources */,
				9F3EAF382A196666001B28AA /* Networking.swift in Sources */,
				9F3EAF162A193194001B28AA /* AppDelegate.swift in Sources */,
				9FD36AB32A1A83F700F7B625 /* SportsViewModel.swift in Sources */,
				9F3EAF2E2A1935A5001B28AA /* MyResult.swift in Sources */,
				9FDCD1312A197417008441F2 /* LeaguesViewModel.swift in Sources */,
				9F1EB4B22A1EC8F100CE5F74 /* Event.swift in Sources */,
				9F3EAF202A193194001B28AA /* Sports_App.xcdatamodeld in Sources */,
				9F3EAF182A193194001B28AA /* SceneDelegate.swift in Sources */,
				9FD36AAA2A1A6FEA00F7B625 /* Sport.swift in Sources */,
				9FDFF9062A1E6E5A00521485 /* LeagueDetailsViewController.swift in Sources */,
				9FD36AB12A1A7EBE00F7B625 /* SportsCollectionViewCell.swift in Sources */,
				9F31E2A32A1B1A1D00AC582A /* LeaguesTableViewCell.swift in Sources */,
				9FDCD1372A1979B3008441F2 /* Constants.swift in Sources */,
			);
			runOnlyForDeploymentPostprocessing = 0;
		};
/* End PBXSourcesBuildPhase section */

/* Begin PBXVariantGroup section */
		9F3EAF1B2A193194001B28AA /* Main.storyboard */ = {
			isa = PBXVariantGroup;
			children = (
				9F3EAF1C2A193194001B28AA /* Base */,
			);
			name = Main.storyboard;
			sourceTree = "<group>";
		};
		9F3EAF232A193196001B28AA /* LaunchScreen.storyboard */ = {
			isa = PBXVariantGroup;
			children = (
				9F3EAF242A193196001B28AA /* Base */,
			);
			name = LaunchScreen.storyboard;
			sourceTree = "<group>";
		};
/* End PBXVariantGroup section */

/* Begin XCBuildConfiguration section */
		9F3EAF272A193196001B28AA /* Debug */ = {
			isa = XCBuildConfiguration;
			buildSettings = {
				ALWAYS_SEARCH_USER_PATHS = NO;
				CLANG_ANALYZER_NONNULL = YES;
				CLANG_ANALYZER_NUMBER_OBJECT_CONVERSION = YES_AGGRESSIVE;
				CLANG_CXX_LANGUAGE_STANDARD = "gnu++20";
				CLANG_ENABLE_MODULES = YES;
				CLANG_ENABLE_OBJC_ARC = YES;
				CLANG_ENABLE_OBJC_WEAK = YES;
				CLANG_WARN_BLOCK_CAPTURE_AUTORELEASING = YES;
				CLANG_WARN_BOOL_CONVERSION = YES;
				CLANG_WARN_COMMA = YES;
				CLANG_WARN_CONSTANT_CONVERSION = YES;
				CLANG_WARN_DEPRECATED_OBJC_IMPLEMENTATIONS = YES;
				CLANG_WARN_DIRECT_OBJC_ISA_USAGE = YES_ERROR;
				CLANG_WARN_DOCUMENTATION_COMMENTS = YES;
				CLANG_WARN_EMPTY_BODY = YES;
				CLANG_WARN_ENUM_CONVERSION = YES;
				CLANG_WARN_INFINITE_RECURSION = YES;
				CLANG_WARN_INT_CONVERSION = YES;
				CLANG_WARN_NON_LITERAL_NULL_CONVERSION = YES;
				CLANG_WARN_OBJC_IMPLICIT_RETAIN_SELF = YES;
				CLANG_WARN_OBJC_LITERAL_CONVERSION = YES;
				CLANG_WARN_OBJC_ROOT_CLASS = YES_ERROR;
				CLANG_WARN_QUOTED_INCLUDE_IN_FRAMEWORK_HEADER = YES;
				CLANG_WARN_RANGE_LOOP_ANALYSIS = YES;
				CLANG_WARN_STRICT_PROTOTYPES = YES;
				CLANG_WARN_SUSPICIOUS_MOVE = YES;
				CLANG_WARN_UNGUARDED_AVAILABILITY = YES_AGGRESSIVE;
				CLANG_WARN_UNREACHABLE_CODE = YES;
				CLANG_WARN__DUPLICATE_METHOD_MATCH = YES;
				COPY_PHASE_STRIP = NO;
				DEBUG_INFORMATION_FORMAT = dwarf;
				ENABLE_STRICT_OBJC_MSGSEND = YES;
				ENABLE_TESTABILITY = YES;
				GCC_C_LANGUAGE_STANDARD = gnu11;
				GCC_DYNAMIC_NO_PIC = NO;
				GCC_NO_COMMON_BLOCKS = YES;
				GCC_OPTIMIZATION_LEVEL = 0;
				GCC_PREPROCESSOR_DEFINITIONS = (
					"DEBUG=1",
					"$(inherited)",
				);
				GCC_WARN_64_TO_32_BIT_CONVERSION = YES;
				GCC_WARN_ABOUT_RETURN_TYPE = YES_ERROR;
				GCC_WARN_UNDECLARED_SELECTOR = YES;
				GCC_WARN_UNINITIALIZED_AUTOS = YES_AGGRESSIVE;
				GCC_WARN_UNUSED_FUNCTION = YES;
				GCC_WARN_UNUSED_VARIABLE = YES;
				IPHONEOS_DEPLOYMENT_TARGET = 16.4;
				MTL_ENABLE_DEBUG_INFO = INCLUDE_SOURCE;
				MTL_FAST_MATH = YES;
				ONLY_ACTIVE_ARCH = YES;
				SDKROOT = iphoneos;
				SWIFT_ACTIVE_COMPILATION_CONDITIONS = DEBUG;
				SWIFT_OPTIMIZATION_LEVEL = "-Onone";
			};
			name = Debug;
		};
		9F3EAF282A193196001B28AA /* Release */ = {
			isa = XCBuildConfiguration;
			buildSettings = {
				ALWAYS_SEARCH_USER_PATHS = NO;
				CLANG_ANALYZER_NONNULL = YES;
				CLANG_ANALYZER_NUMBER_OBJECT_CONVERSION = YES_AGGRESSIVE;
				CLANG_CXX_LANGUAGE_STANDARD = "gnu++20";
				CLANG_ENABLE_MODULES = YES;
				CLANG_ENABLE_OBJC_ARC = YES;
				CLANG_ENABLE_OBJC_WEAK = YES;
				CLANG_WARN_BLOCK_CAPTURE_AUTORELEASING = YES;
				CLANG_WARN_BOOL_CONVERSION = YES;
				CLANG_WARN_COMMA = YES;
				CLANG_WARN_CONSTANT_CONVERSION = YES;
				CLANG_WARN_DEPRECATED_OBJC_IMPLEMENTATIONS = YES;
				CLANG_WARN_DIRECT_OBJC_ISA_USAGE = YES_ERROR;
				CLANG_WARN_DOCUMENTATION_COMMENTS = YES;
				CLANG_WARN_EMPTY_BODY = YES;
				CLANG_WARN_ENUM_CONVERSION = YES;
				CLANG_WARN_INFINITE_RECURSION = YES;
				CLANG_WARN_INT_CONVERSION = YES;
				CLANG_WARN_NON_LITERAL_NULL_CONVERSION = YES;
				CLANG_WARN_OBJC_IMPLICIT_RETAIN_SELF = YES;
				CLANG_WARN_OBJC_LITERAL_CONVERSION = YES;
				CLANG_WARN_OBJC_ROOT_CLASS = YES_ERROR;
				CLANG_WARN_QUOTED_INCLUDE_IN_FRAMEWORK_HEADER = YES;
				CLANG_WARN_RANGE_LOOP_ANALYSIS = YES;
				CLANG_WARN_STRICT_PROTOTYPES = YES;
				CLANG_WARN_SUSPICIOUS_MOVE = YES;
				CLANG_WARN_UNGUARDED_AVAILABILITY = YES_AGGRESSIVE;
				CLANG_WARN_UNREACHABLE_CODE = YES;
				CLANG_WARN__DUPLICATE_METHOD_MATCH = YES;
				COPY_PHASE_STRIP = NO;
				DEBUG_INFORMATION_FORMAT = "dwarf-with-dsym";
				ENABLE_NS_ASSERTIONS = NO;
				ENABLE_STRICT_OBJC_MSGSEND = YES;
				GCC_C_LANGUAGE_STANDARD = gnu11;
				GCC_NO_COMMON_BLOCKS = YES;
				GCC_WARN_64_TO_32_BIT_CONVERSION = YES;
				GCC_WARN_ABOUT_RETURN_TYPE = YES_ERROR;
				GCC_WARN_UNDECLARED_SELECTOR = YES;
				GCC_WARN_UNINITIALIZED_AUTOS = YES_AGGRESSIVE;
				GCC_WARN_UNUSED_FUNCTION = YES;
				GCC_WARN_UNUSED_VARIABLE = YES;
				IPHONEOS_DEPLOYMENT_TARGET = 16.4;
				MTL_ENABLE_DEBUG_INFO = NO;
				MTL_FAST_MATH = YES;
				SDKROOT = iphoneos;
				SWIFT_COMPILATION_MODE = wholemodule;
				SWIFT_OPTIMIZATION_LEVEL = "-O";
				VALIDATE_PRODUCT = YES;
			};
			name = Release;
		};
		9F3EAF2A2A193196001B28AA /* Debug */ = {
			isa = XCBuildConfiguration;
			baseConfigurationReference = 21465B20FAC472C43CC2F1F5 /* Pods-Sports App.debug.xcconfig */;
			buildSettings = {
				ASSETCATALOG_COMPILER_APPICON_NAME = AppIcon;
				ASSETCATALOG_COMPILER_GLOBAL_ACCENT_COLOR_NAME = AccentColor;
				CODE_SIGN_STYLE = Automatic;
				CURRENT_PROJECT_VERSION = 1;
				GENERATE_INFOPLIST_FILE = YES;
				INFOPLIST_FILE = "Sports App/Info.plist";
				INFOPLIST_KEY_UIApplicationSupportsIndirectInputEvents = YES;
				INFOPLIST_KEY_UILaunchStoryboardName = LaunchScreen;
				INFOPLIST_KEY_UIMainStoryboardFile = Main;
				INFOPLIST_KEY_UISupportedInterfaceOrientations_iPad = "UIInterfaceOrientationPortrait UIInterfaceOrientationPortraitUpsideDown UIInterfaceOrientationLandscapeLeft UIInterfaceOrientationLandscapeRight";
				INFOPLIST_KEY_UISupportedInterfaceOrientations_iPhone = "UIInterfaceOrientationPortrait UIInterfaceOrientationLandscapeLeft UIInterfaceOrientationLandscapeRight";
				LD_RUNPATH_SEARCH_PATHS = (
					"$(inherited)",
					"@executable_path/Frameworks",
				);
				MARKETING_VERSION = 1.0;
				PRODUCT_BUNDLE_IDENTIFIER = "com.fadaly.Sports-App";
				PRODUCT_NAME = "$(TARGET_NAME)";
				SWIFT_EMIT_LOC_STRINGS = YES;
				SWIFT_VERSION = 5.0;
				TARGETED_DEVICE_FAMILY = "1,2";
			};
			name = Debug;
		};
		9F3EAF2B2A193196001B28AA /* Release */ = {
			isa = XCBuildConfiguration;
			baseConfigurationReference = 0E3FA0D089CE97C7D51E2861 /* Pods-Sports App.release.xcconfig */;
			buildSettings = {
				ASSETCATALOG_COMPILER_APPICON_NAME = AppIcon;
				ASSETCATALOG_COMPILER_GLOBAL_ACCENT_COLOR_NAME = AccentColor;
				CODE_SIGN_STYLE = Automatic;
				CURRENT_PROJECT_VERSION = 1;
				GENERATE_INFOPLIST_FILE = YES;
				INFOPLIST_FILE = "Sports App/Info.plist";
				INFOPLIST_KEY_UIApplicationSupportsIndirectInputEvents = YES;
				INFOPLIST_KEY_UILaunchStoryboardName = LaunchScreen;
				INFOPLIST_KEY_UIMainStoryboardFile = Main;
				INFOPLIST_KEY_UISupportedInterfaceOrientations_iPad = "UIInterfaceOrientationPortrait UIInterfaceOrientationPortraitUpsideDown UIInterfaceOrientationLandscapeLeft UIInterfaceOrientationLandscapeRight";
				INFOPLIST_KEY_UISupportedInterfaceOrientations_iPhone = "UIInterfaceOrientationPortrait UIInterfaceOrientationLandscapeLeft UIInterfaceOrientationLandscapeRight";
				LD_RUNPATH_SEARCH_PATHS = (
					"$(inherited)",
					"@executable_path/Frameworks",
				);
				MARKETING_VERSION = 1.0;
				PRODUCT_BUNDLE_IDENTIFIER = "com.fadaly.Sports-App";
				PRODUCT_NAME = "$(TARGET_NAME)";
				SWIFT_EMIT_LOC_STRINGS = YES;
				SWIFT_VERSION = 5.0;
				TARGETED_DEVICE_FAMILY = "1,2";
			};
			name = Release;
		};
/* End XCBuildConfiguration section */

/* Begin XCConfigurationList section */
		9F3EAF0D2A193194001B28AA /* Build configuration list for PBXProject "Sports App" */ = {
			isa = XCConfigurationList;
			buildConfigurations = (
				9F3EAF272A193196001B28AA /* Debug */,
				9F3EAF282A193196001B28AA /* Release */,
			);
			defaultConfigurationIsVisible = 0;
			defaultConfigurationName = Release;
		};
		9F3EAF292A193196001B28AA /* Build configuration list for PBXNativeTarget "Sports App" */ = {
			isa = XCConfigurationList;
			buildConfigurations = (
				9F3EAF2A2A193196001B28AA /* Debug */,
				9F3EAF2B2A193196001B28AA /* Release */,
			);
			defaultConfigurationIsVisible = 0;
			defaultConfigurationName = Release;
		};
/* End XCConfigurationList section */

/* Begin XCVersionGroup section */
		9F3EAF1E2A193194001B28AA /* Sports_App.xcdatamodeld */ = {
			isa = XCVersionGroup;
			children = (
				9F3EAF1F2A193194001B28AA /* Sports_App.xcdatamodel */,
			);
			currentVersion = 9F3EAF1F2A193194001B28AA /* Sports_App.xcdatamodel */;
			path = Sports_App.xcdatamodeld;
			sourceTree = "<group>";
			versionGroupType = wrapper.xcdatamodel;
		};
/* End XCVersionGroup section */
	};
	rootObject = 9F3EAF0A2A193194001B28AA /* Project object */;
}
